// !$*UTF8*$!
{
	archiveVersion = 1;
	classes = {
	};
	objectVersion = 56;
	objects = {

/* Begin PBXBuildFile section */
		2D7CACA4298CBEA600CBAA4D /* AppDelegate.swift in Sources */ = {isa = PBXBuildFile; fileRef = 2D7CACA3298CBEA600CBAA4D /* AppDelegate.swift */; };
		2D7CACA6298CBEA600CBAA4D /* SceneDelegate.swift in Sources */ = {isa = PBXBuildFile; fileRef = 2D7CACA5298CBEA600CBAA4D /* SceneDelegate.swift */; };
		2D7CACAB298CBEA600CBAA4D /* Main.storyboard in Resources */ = {isa = PBXBuildFile; fileRef = 2D7CACA9298CBEA600CBAA4D /* Main.storyboard */; };
		2D7CACAD298CBEA700CBAA4D /* Assets.xcassets in Resources */ = {isa = PBXBuildFile; fileRef = 2D7CACAC298CBEA700CBAA4D /* Assets.xcassets */; };
		2D7CACB0298CBEA700CBAA4D /* LaunchScreen.storyboard in Resources */ = {isa = PBXBuildFile; fileRef = 2D7CACAE298CBEA700CBAA4D /* LaunchScreen.storyboard */; };
		2D7CACBA298CDA2B00CBAA4D /* ShopProfileViewController.swift in Sources */ = {isa = PBXBuildFile; fileRef = 2D7CACB8298CDA2B00CBAA4D /* ShopProfileViewController.swift */; };
		2D7CACC1298D17BC00CBAA4D /* ShopViewsConfig.swift in Sources */ = {isa = PBXBuildFile; fileRef = 2D7CACC0298D17BC00CBAA4D /* ShopViewsConfig.swift */; };
		2D7CACC4298D1C2100CBAA4D /* OrderCollectionViewCell.swift in Sources */ = {isa = PBXBuildFile; fileRef = 2D7CACC2298D1C2100CBAA4D /* OrderCollectionViewCell.swift */; };
		2D7CACC5298D1C2100CBAA4D /* OrderCollectionViewCell.xib in Resources */ = {isa = PBXBuildFile; fileRef = 2D7CACC3298D1C2100CBAA4D /* OrderCollectionViewCell.xib */; };
		2D7CACC7298D241500CBAA4D /* OrderList.swift in Sources */ = {isa = PBXBuildFile; fileRef = 2D7CACC6298D241500CBAA4D /* OrderList.swift */; };
		2D8FCFB4298D2552003C4E40 /* APIManager.swift in Sources */ = {isa = PBXBuildFile; fileRef = 2D8FCFB3298D2552003C4E40 /* APIManager.swift */; };
		2D8FCFB6298D274A003C4E40 /* OrderInfo.swift in Sources */ = {isa = PBXBuildFile; fileRef = 2D8FCFB5298D274A003C4E40 /* OrderInfo.swift */; };
		2D8FCFBB298D4B6F003C4E40 /* ShopSummary.swift in Sources */ = {isa = PBXBuildFile; fileRef = 2D8FCFBA298D4B6F003C4E40 /* ShopSummary.swift */; };
/* End PBXBuildFile section */

/* Begin PBXFileReference section */
		2D7CACA0298CBEA600CBAA4D /* EPS_Demo.app */ = {isa = PBXFileReference; explicitFileType = wrapper.application; includeInIndex = 0; path = EPS_Demo.app; sourceTree = BUILT_PRODUCTS_DIR; };
		2D7CACA3298CBEA600CBAA4D /* AppDelegate.swift */ = {isa = PBXFileReference; lastKnownFileType = sourcecode.swift; path = AppDelegate.swift; sourceTree = "<group>"; };
		2D7CACA5298CBEA600CBAA4D /* SceneDelegate.swift */ = {isa = PBXFileReference; lastKnownFileType = sourcecode.swift; path = SceneDelegate.swift; sourceTree = "<group>"; };
		2D7CACAA298CBEA600CBAA4D /* Base */ = {isa = PBXFileReference; lastKnownFileType = file.storyboard; name = Base; path = Base.lproj/Main.storyboard; sourceTree = "<group>"; };
		2D7CACAC298CBEA700CBAA4D /* Assets.xcassets */ = {isa = PBXFileReference; lastKnownFileType = folder.assetcatalog; path = Assets.xcassets; sourceTree = "<group>"; };
		2D7CACAF298CBEA700CBAA4D /* Base */ = {isa = PBXFileReference; lastKnownFileType = file.storyboard; name = Base; path = Base.lproj/LaunchScreen.storyboard; sourceTree = "<group>"; };
		2D7CACB1298CBEA700CBAA4D /* Info.plist */ = {isa = PBXFileReference; lastKnownFileType = text.plist.xml; path = Info.plist; sourceTree = "<group>"; };
		2D7CACB8298CDA2B00CBAA4D /* ShopProfileViewController.swift */ = {isa = PBXFileReference; lastKnownFileType = sourcecode.swift; path = ShopProfileViewController.swift; sourceTree = "<group>"; };
		2D7CACC0298D17BC00CBAA4D /* ShopViewsConfig.swift */ = {isa = PBXFileReference; lastKnownFileType = sourcecode.swift; path = ShopViewsConfig.swift; sourceTree = "<group>"; };
		2D7CACC2298D1C2100CBAA4D /* OrderCollectionViewCell.swift */ = {isa = PBXFileReference; lastKnownFileType = sourcecode.swift; path = OrderCollectionViewCell.swift; sourceTree = "<group>"; };
		2D7CACC3298D1C2100CBAA4D /* OrderCollectionViewCell.xib */ = {isa = PBXFileReference; lastKnownFileType = file.xib; path = OrderCollectionViewCell.xib; sourceTree = "<group>"; };
		2D7CACC6298D241500CBAA4D /* OrderList.swift */ = {isa = PBXFileReference; lastKnownFileType = sourcecode.swift; path = OrderList.swift; sourceTree = "<group>"; };
		2D8FCFB3298D2552003C4E40 /* APIManager.swift */ = {isa = PBXFileReference; lastKnownFileType = sourcecode.swift; path = APIManager.swift; sourceTree = "<group>"; };
		2D8FCFB5298D274A003C4E40 /* OrderInfo.swift */ = {isa = PBXFileReference; lastKnownFileType = sourcecode.swift; path = OrderInfo.swift; sourceTree = "<group>"; };
		2D8FCFBA298D4B6F003C4E40 /* ShopSummary.swift */ = {isa = PBXFileReference; lastKnownFileType = sourcecode.swift; path = ShopSummary.swift; sourceTree = "<group>"; };
/* End PBXFileReference section */

/* Begin PBXFrameworksBuildPhase section */
		2D7CAC9D298CBEA600CBAA4D /* Frameworks */ = {
			isa = PBXFrameworksBuildPhase;
			buildActionMask = 2147483647;
			files = (
			);
			runOnlyForDeploymentPostprocessing = 0;
		};
/* End PBXFrameworksBuildPhase section */

/* Begin PBXGroup section */
		2D7CAC97298CBEA600CBAA4D = {
			isa = PBXGroup;
			children = (
				2D7CACA2298CBEA600CBAA4D /* EPS_Demo */,
				2D7CACA1298CBEA600CBAA4D /* Products */,
			);
			sourceTree = "<group>";
		};
		2D7CACA1298CBEA600CBAA4D /* Products */ = {
			isa = PBXGroup;
			children = (
				2D7CACA0298CBEA600CBAA4D /* EPS_Demo.app */,
			);
			name = Products;
			sourceTree = "<group>";
		};
		2D7CACA2298CBEA600CBAA4D /* EPS_Demo */ = {
			isa = PBXGroup;
			children = (
				2D7CACC0298D17BC00CBAA4D /* ShopViewsConfig.swift */,
				2D8FCFB3298D2552003C4E40 /* APIManager.swift */,
				2D7CACB7298CD9DC00CBAA4D /* ShopProfile */,
				2D7CACA3298CBEA600CBAA4D /* AppDelegate.swift */,
				2D7CACA5298CBEA600CBAA4D /* SceneDelegate.swift */,
				2D7CACA9298CBEA600CBAA4D /* Main.storyboard */,
				2D7CACAC298CBEA700CBAA4D /* Assets.xcassets */,
				2D7CACAE298CBEA700CBAA4D /* LaunchScreen.storyboard */,
				2D7CACB1298CBEA700CBAA4D /* Info.plist */,
			);
			path = EPS_Demo;
			sourceTree = "<group>";
		};
		2D7CACB7298CD9DC00CBAA4D /* ShopProfile */ = {
			isa = PBXGroup;
			children = (
				2D7CACBE298D176700CBAA4D /* Model */,
				2D7CACBF298D176F00CBAA4D /* Views */,
				2D7CACB8298CDA2B00CBAA4D /* ShopProfileViewController.swift */,
			);
			path = ShopProfile;
			sourceTree = "<group>";
		};
		2D7CACBE298D176700CBAA4D /* Model */ = {
			isa = PBXGroup;
			children = (
				2D7CACC6298D241500CBAA4D /* OrderList.swift */,
				2D8FCFB5298D274A003C4E40 /* OrderInfo.swift */,
				2D8FCFBA298D4B6F003C4E40 /* ShopSummary.swift */,
			);
			path = Model;
			sourceTree = "<group>";
		};
		2D7CACBF298D176F00CBAA4D /* Views */ = {
			isa = PBXGroup;
			children = (
				2D7CACC2298D1C2100CBAA4D /* OrderCollectionViewCell.swift */,
				2D7CACC3298D1C2100CBAA4D /* OrderCollectionViewCell.xib */,
			);
			path = Views;
			sourceTree = "<group>";
		};
/* End PBXGroup section */

/* Begin PBXNativeTarget section */
		2D7CAC9F298CBEA600CBAA4D /* EPS_Demo */ = {
			isa = PBXNativeTarget;
			buildConfigurationList = 2D7CACB4298CBEA700CBAA4D /* Build configuration list for PBXNativeTarget "EPS_Demo" */;
			buildPhases = (
				2D7CAC9C298CBEA600CBAA4D /* Sources */,
				2D7CAC9D298CBEA600CBAA4D /* Frameworks */,
				2D7CAC9E298CBEA600CBAA4D /* Resources */,
			);
			buildRules = (
			);
			dependencies = (
			);
			name = EPS_Demo;
			productName = EPS_Demo;
			productReference = 2D7CACA0298CBEA600CBAA4D /* EPS_Demo.app */;
			productType = "com.apple.product-type.application";
		};
/* End PBXNativeTarget section */

/* Begin PBXProject section */
		2D7CAC98298CBEA600CBAA4D /* Project object */ = {
			isa = PBXProject;
			attributes = {
				BuildIndependentTargetsInParallel = 1;
				LastSwiftUpdateCheck = 1400;
				LastUpgradeCheck = 1400;
				TargetAttributes = {
					2D7CAC9F298CBEA600CBAA4D = {
						CreatedOnToolsVersion = 14.0.1;
					};
				};
			};
			buildConfigurationList = 2D7CAC9B298CBEA600CBAA4D /* Build configuration list for PBXProject "EPS_Demo" */;
			compatibilityVersion = "Xcode 14.0";
			developmentRegion = en;
			hasScannedForEncodings = 0;
			knownRegions = (
				en,
				Base,
			);
			mainGroup = 2D7CAC97298CBEA600CBAA4D;
			productRefGroup = 2D7CACA1298CBEA600CBAA4D /* Products */;
			projectDirPath = "";
			projectRoot = "";
			targets = (
				2D7CAC9F298CBEA600CBAA4D /* EPS_Demo */,
			);
		};
/* End PBXProject section */

/* Begin PBXResourcesBuildPhase section */
		2D7CAC9E298CBEA600CBAA4D /* Resources */ = {
			isa = PBXResourcesBuildPhase;
			buildActionMask = 2147483647;
			files = (
				2D7CACB0298CBEA700CBAA4D /* LaunchScreen.storyboard in Resources */,
				2D7CACAD298CBEA700CBAA4D /* Assets.xcassets in Resources */,
				2D7CACAB298CBEA600CBAA4D /* Main.storyboard in Resources */,
				2D7CACC5298D1C2100CBAA4D /* OrderCollectionViewCell.xib in Resources */,
			);
			runOnlyForDeploymentPostprocessing = 0;
		};
/* End PBXResourcesBuildPhase section */

/* Begin PBXSourcesBuildPhase section */
		2D7CAC9C298CBEA600CBAA4D /* Sources */ = {
			isa = PBXSourcesBuildPhase;
			buildActionMask = 2147483647;
			files = (
				2D7CACBA298CDA2B00CBAA4D /* ShopProfileViewController.swift in Sources */,
				2D7CACC4298D1C2100CBAA4D /* OrderCollectionViewCell.swift in Sources */,
				2D8FCFB6298D274A003C4E40 /* OrderInfo.swift in Sources */,
				2D7CACC7298D241500CBAA4D /* OrderList.swift in Sources */,
				2D7CACA4298CBEA600CBAA4D /* AppDelegate.swift in Sources */,
				2D7CACC1298D17BC00CBAA4D /* ShopViewsConfig.swift in Sources */,
				2D7CACA6298CBEA600CBAA4D /* SceneDelegate.swift in Sources */,
				2D8FCFBB298D4B6F003C4E40 /* ShopSummary.swift in Sources */,
				2D8FCFB4298D2552003C4E40 /* APIManager.swift in Sources */,
			);
			runOnlyForDeploymentPostprocessing = 0;
		};
/* End PBXSourcesBuildPhase section */

/* Begin PBXVariantGroup section */
		2D7CACA9298CBEA600CBAA4D /* Main.storyboard */ = {
			isa = PBXVariantGroup;
			children = (
				2D7CACAA298CBEA600CBAA4D /* Base */,
			);
			name = Main.storyboard;
			sourceTree = "<group>";
		};
		2D7CACAE298CBEA700CBAA4D /* LaunchScreen.storyboard */ = {
			isa = PBXVariantGroup;
			children = (
				2D7CACAF298CBEA700CBAA4D /* Base */,
			);
			name = LaunchScreen.storyboard;
			sourceTree = "<group>";
		};
/* End PBXVariantGroup section */

/* Begin XCBuildConfiguration section */
		2D7CACB2298CBEA700CBAA4D /* Debug */ = {
			isa = XCBuildConfiguration;
			buildSettings = {
				ALWAYS_SEARCH_USER_PATHS = NO;
				CLANG_ANALYZER_NONNULL = YES;
				CLANG_ANALYZER_NUMBER_OBJECT_CONVERSION = YES_AGGRESSIVE;
				CLANG_CXX_LANGUAGE_STANDARD = "gnu++20";
				CLANG_ENABLE_MODULES = YES;
				CLANG_ENABLE_OBJC_ARC = YES;
				CLANG_ENABLE_OBJC_WEAK = YES;
				CLANG_WARN_BLOCK_CAPTURE_AUTORELEASING = YES;
				CLANG_WARN_BOOL_CONVERSION = YES;
				CLANG_WARN_COMMA = YES;
				CLANG_WARN_CONSTANT_CONVERSION = YES;
				CLANG_WARN_DEPRECATED_OBJC_IMPLEMENTATIONS = YES;
				CLANG_WARN_DIRECT_OBJC_ISA_USAGE = YES_ERROR;
				CLANG_WARN_DOCUMENTATION_COMMENTS = YES;
				CLANG_WARN_EMPTY_BODY = YES;
				CLANG_WARN_ENUM_CONVERSION = YES;
				CLANG_WARN_INFINITE_RECURSION = YES;
				CLANG_WARN_INT_CONVERSION = YES;
				CLANG_WARN_NON_LITERAL_NULL_CONVERSION = YES;
				CLANG_WARN_OBJC_IMPLICIT_RETAIN_SELF = YES;
				CLANG_WARN_OBJC_LITERAL_CONVERSION = YES;
				CLANG_WARN_OBJC_ROOT_CLASS = YES_ERROR;
				CLANG_WARN_QUOTED_INCLUDE_IN_FRAMEWORK_HEADER = YES;
				CLANG_WARN_RANGE_LOOP_ANALYSIS = YES;
				CLANG_WARN_STRICT_PROTOTYPES = YES;
				CLANG_WARN_SUSPICIOUS_MOVE = YES;
				CLANG_WARN_UNGUARDED_AVAILABILITY = YES_AGGRESSIVE;
				CLANG_WARN_UNREACHABLE_CODE = YES;
				CLANG_WARN__DUPLICATE_METHOD_MATCH = YES;
				COPY_PHASE_STRIP = NO;
				DEBUG_INFORMATION_FORMAT = dwarf;
				ENABLE_STRICT_OBJC_MSGSEND = YES;
				ENABLE_TESTABILITY = YES;
				GCC_C_LANGUAGE_STANDARD = gnu11;
				GCC_DYNAMIC_NO_PIC = NO;
				GCC_NO_COMMON_BLOCKS = YES;
				GCC_OPTIMIZATION_LEVEL = 0;
				GCC_PREPROCESSOR_DEFINITIONS = (
					"DEBUG=1",
					"$(inherited)",
				);
				GCC_WARN_64_TO_32_BIT_CONVERSION = YES;
				GCC_WARN_ABOUT_RETURN_TYPE = YES_ERROR;
				GCC_WARN_UNDECLARED_SELECTOR = YES;
				GCC_WARN_UNINITIALIZED_AUTOS = YES_AGGRESSIVE;
				GCC_WARN_UNUSED_FUNCTION = YES;
				GCC_WARN_UNUSED_VARIABLE = YES;
				IPHONEOS_DEPLOYMENT_TARGET = 16.0;
				MTL_ENABLE_DEBUG_INFO = INCLUDE_SOURCE;
				MTL_FAST_MATH = YES;
				ONLY_ACTIVE_ARCH = YES;
				SDKROOT = iphoneos;
				SWIFT_ACTIVE_COMPILATION_CONDITIONS = DEBUG;
				SWIFT_OPTIMIZATION_LEVEL = "-Onone";
			};
			name = Debug;
		};
		2D7CACB3298CBEA700CBAA4D /* Release */ = {
			isa = XCBuildConfiguration;
			buildSettings = {
				ALWAYS_SEARCH_USER_PATHS = NO;
				CLANG_ANALYZER_NONNULL = YES;
				CLANG_ANALYZER_NUMBER_OBJECT_CONVERSION = YES_AGGRESSIVE;
				CLANG_CXX_LANGUAGE_STANDARD = "gnu++20";
				CLANG_ENABLE_MODULES = YES;
				CLANG_ENABLE_OBJC_ARC = YES;
				CLANG_ENABLE_OBJC_WEAK = YES;
				CLANG_WARN_BLOCK_CAPTURE_AUTORELEASING = YES;
				CLANG_WARN_BOOL_CONVERSION = YES;
				CLANG_WARN_COMMA = YES;
				CLANG_WARN_CONSTANT_CONVERSION = YES;
				CLANG_WARN_DEPRECATED_OBJC_IMPLEMENTATIONS = YES;
				CLANG_WARN_DIRECT_OBJC_ISA_USAGE = YES_ERROR;
				CLANG_WARN_DOCUMENTATION_COMMENTS = YES;
				CLANG_WARN_EMPTY_BODY = YES;
				CLANG_WARN_ENUM_CONVERSION = YES;
				CLANG_WARN_INFINITE_RECURSION = YES;
				CLANG_WARN_INT_CONVERSION = YES;
				CLANG_WARN_NON_LITERAL_NULL_CONVERSION = YES;
				CLANG_WARN_OBJC_IMPLICIT_RETAIN_SELF = YES;
				CLANG_WARN_OBJC_LITERAL_CONVERSION = YES;
				CLANG_WARN_OBJC_ROOT_CLASS = YES_ERROR;
				CLANG_WARN_QUOTED_INCLUDE_IN_FRAMEWORK_HEADER = YES;
				CLANG_WARN_RANGE_LOOP_ANALYSIS = YES;
				CLANG_WARN_STRICT_PROTOTYPES = YES;
				CLANG_WARN_SUSPICIOUS_MOVE = YES;
				CLANG_WARN_UNGUARDED_AVAILABILITY = YES_AGGRESSIVE;
				CLANG_WARN_UNREACHABLE_CODE = YES;
				CLANG_WARN__DUPLICATE_METHOD_MATCH = YES;
				COPY_PHASE_STRIP = NO;
				DEBUG_INFORMATION_FORMAT = "dwarf-with-dsym";
				ENABLE_NS_ASSERTIONS = NO;
				ENABLE_STRICT_OBJC_MSGSEND = YES;
				GCC_C_LANGUAGE_STANDARD = gnu11;
				GCC_NO_COMMON_BLOCKS = YES;
				GCC_WARN_64_TO_32_BIT_CONVERSION = YES;
				GCC_WARN_ABOUT_RETURN_TYPE = YES_ERROR;
				GCC_WARN_UNDECLARED_SELECTOR = YES;
				GCC_WARN_UNINITIALIZED_AUTOS = YES_AGGRESSIVE;
				GCC_WARN_UNUSED_FUNCTION = YES;
				GCC_WARN_UNUSED_VARIABLE = YES;
				IPHONEOS_DEPLOYMENT_TARGET = 16.0;
				MTL_ENABLE_DEBUG_INFO = NO;
				MTL_FAST_MATH = YES;
				SDKROOT = iphoneos;
				SWIFT_COMPILATION_MODE = wholemodule;
				SWIFT_OPTIMIZATION_LEVEL = "-O";
				VALIDATE_PRODUCT = YES;
			};
			name = Release;
		};
		2D7CACB5298CBEA700CBAA4D /* Debug */ = {
			isa = XCBuildConfiguration;
			buildSettings = {
				ASSETCATALOG_COMPILER_APPICON_NAME = AppIcon;
				ASSETCATALOG_COMPILER_GLOBAL_ACCENT_COLOR_NAME = AccentColor;
				CODE_SIGN_STYLE = Automatic;
				CURRENT_PROJECT_VERSION = 1;
				DEVELOPMENT_TEAM = 8522KGXTHU;
				GENERATE_INFOPLIST_FILE = YES;
				INFOPLIST_FILE = EPS_Demo/Info.plist;
				INFOPLIST_KEY_UIApplicationSupportsIndirectInputEvents = YES;
				INFOPLIST_KEY_UILaunchStoryboardName = LaunchScreen;
				INFOPLIST_KEY_UIMainStoryboardFile = Main;
				INFOPLIST_KEY_UISupportedInterfaceOrientations_iPad = "UIInterfaceOrientationPortrait UIInterfaceOrientationPortraitUpsideDown UIInterfaceOrientationLandscapeLeft UIInterfaceOrientationLandscapeRight";
				INFOPLIST_KEY_UISupportedInterfaceOrientations_iPhone = "UIInterfaceOrientationPortrait UIInterfaceOrientationLandscapeLeft UIInterfaceOrientationLandscapeRight";
				LD_RUNPATH_SEARCH_PATHS = (
					"$(inherited)",
					"@executable_path/Frameworks",
				);
				MARKETING_VERSION = 1.0;
				PRODUCT_BUNDLE_IDENTIFIER = "com.ron.EPS-Demo";
				PRODUCT_NAME = "$(TARGET_NAME)";
				SWIFT_EMIT_LOC_STRINGS = YES;
				SWIFT_VERSION = 5.0;
				TARGETED_DEVICE_FAMILY = "1,2";
			};
			name = Debug;
		};
		2D7CACB6298CBEA700CBAA4D /* Release */ = {
			isa = XCBuildConfiguration;
			buildSettings = {
				ASSETCATALOG_COMPILER_APPICON_NAME = AppIcon;
				ASSETCATALOG_COMPILER_GLOBAL_ACCENT_COLOR_NAME = AccentColor;
				CODE_SIGN_STYLE = Automatic;
				CURRENT_PROJECT_VERSION = 1;
				DEVELOPMENT_TEAM = 8522KGXTHU;
				GENERATE_INFOPLIST_FILE = YES;
				INFOPLIST_FILE = EPS_Demo/Info.plist;
				INFOPLIST_KEY_UIApplicationSupportsIndirectInputEvents = YES;
				INFOPLIST_KEY_UILaunchStoryboardName = LaunchScreen;
				INFOPLIST_KEY_UIMainStoryboardFile = Main;
				INFOPLIST_KEY_UISupportedInterfaceOrientations_iPad = "UIInterfaceOrientationPortrait UIInterfaceOrientationPortraitUpsideDown UIInterfaceOrientationLandscapeLeft UIInterfaceOrientationLandscapeRight";
				INFOPLIST_KEY_UISupportedInterfaceOrientations_iPhone = "UIInterfaceOrientationPortrait UIInterfaceOrientationLandscapeLeft UIInterfaceOrientationLandscapeRight";
				LD_RUNPATH_SEARCH_PATHS = (
					"$(inherited)",
					"@executable_path/Frameworks",
				);
				MARKETING_VERSION = 1.0;
				PRODUCT_BUNDLE_IDENTIFIER = "com.ron.EPS-Demo";
				PRODUCT_NAME = "$(TARGET_NAME)";
				SWIFT_EMIT_LOC_STRINGS = YES;
				SWIFT_VERSION = 5.0;
				TARGETED_DEVICE_FAMILY = "1,2";
			};
			name = Release;
		};
/* End XCBuildConfiguration section */

/* Begin XCConfigurationList section */
		2D7CAC9B298CBEA600CBAA4D /* Build configuration list for PBXProject "EPS_Demo" */ = {
			isa = XCConfigurationList;
			buildConfigurations = (
				2D7CACB2298CBEA700CBAA4D /* Debug */,
				2D7CACB3298CBEA700CBAA4D /* Release */,
			);
			defaultConfigurationIsVisible = 0;
			defaultConfigurationName = Release;
		};
		2D7CACB4298CBEA700CBAA4D /* Build configuration list for PBXNativeTarget "EPS_Demo" */ = {
			isa = XCConfigurationList;
			buildConfigurations = (
				2D7CACB5298CBEA700CBAA4D /* Debug */,
				2D7CACB6298CBEA700CBAA4D /* Release */,
			);
			defaultConfigurationIsVisible = 0;
			defaultConfigurationName = Release;
		};
/* End XCConfigurationList section */
	};
	rootObject = 2D7CAC98298CBEA600CBAA4D /* Project object */;
}
